
Microsoft Visual Studio Solution File, Format Version 12.00
# Visual Studio 2013
VisualStudioVersion = 12.0.40629.0
MinimumVisualStudioVersion = 10.0.40219.1
Project("{888888A0-9F3D-457C-B088-3A5042F75D52}") = "10-MthToLastElement", "10-MthToLastElement\10-MthToLastElement.pyproj", "{1FC5EB8A-46A4-4E64-A9F5-ADE4EBC2FD82}"
EndProject
Global
	GlobalSection(SolutionConfigurationPlatforms) = preSolution
		Debug|Any CPU = Debug|Any CPU
		Release|Any CPU = Release|Any CPU
	EndGlobalSection
	GlobalSection(ProjectConfigurationPlatforms) = postSolution
		{1FC5EB8A-46A4-4E64-A9F5-ADE4EBC2FD82}.Debug|Any CPU.ActiveCfg = Debug|Any CPU
		{1FC5EB8A-46A4-4E64-A9F5-ADE4EBC2FD82}.Release|Any CPU.ActiveCfg = Release|Any CPU
	EndGlobalSection
	GlobalSection(SolutionProperties) = preSolution
		HideSolutionNode = FALSE
	EndGlobalSection
EndGlobal
