
Microsoft Visual Studio Solution File, Format Version 12.00
# Visual Studio 2013
VisualStudioVersion = 12.0.40629.0
MinimumVisualStudioVersion = 10.0.40219.1
Project("{888888A0-9F3D-457C-B088-3A5042F75D52}") = "2-LongestLines", "2-LongestLines\2-LongestLines.pyproj", "{5E8E4AAB-1911-4EDE-A2F0-0B297AFC4B8D}"
EndProject
Global
	GlobalSection(SolutionConfigurationPlatforms) = preSolution
		Debug|Any CPU = Debug|Any CPU
		Release|Any CPU = Release|Any CPU
	EndGlobalSection
	GlobalSection(ProjectConfigurationPlatforms) = postSolution
		{5E8E4AAB-1911-4EDE-A2F0-0B297AFC4B8D}.Debug|Any CPU.ActiveCfg = Debug|Any CPU
		{5E8E4AAB-1911-4EDE-A2F0-0B297AFC4B8D}.Release|Any CPU.ActiveCfg = Release|Any CPU
	EndGlobalSection
	GlobalSection(SolutionProperties) = preSolution
		HideSolutionNode = FALSE
	EndGlobalSection
EndGlobal
